// !$*UTF8*$!
{
	archiveVersion = 1;
	classes = {
	};
	objectVersion = 50;
	objects = {

/* Begin PBXBuildFile section */
		980CAD76265F7635009B8DE2 /* Ten.swift in Sources */ = {isa = PBXBuildFile; fileRef = 980CAD75265F7635009B8DE2 /* Ten.swift */; };
		98118DBE26491BB3001F12FF /* Six.swift in Sources */ = {isa = PBXBuildFile; fileRef = 98118DBD26491BB3001F12FF /* Six.swift */; };
		983CB9E0254BB37A007B5639 /* AppDelegate.swift in Sources */ = {isa = PBXBuildFile; fileRef = 983CB9DF254BB37A007B5639 /* AppDelegate.swift */; };
		983CB9E2254BB37A007B5639 /* ViewController.swift in Sources */ = {isa = PBXBuildFile; fileRef = 983CB9E1254BB37A007B5639 /* ViewController.swift */; };
		983CB9E4254BB37D007B5639 /* Assets.xcassets in Resources */ = {isa = PBXBuildFile; fileRef = 983CB9E3254BB37D007B5639 /* Assets.xcassets */; };
		983CB9E7254BB37D007B5639 /* Main.storyboard in Resources */ = {isa = PBXBuildFile; fileRef = 983CB9E5254BB37D007B5639 /* Main.storyboard */; };
		983CB9F3254BB37E007B5639 /* LeetCodeTests.swift in Sources */ = {isa = PBXBuildFile; fileRef = 983CB9F2254BB37E007B5639 /* LeetCodeTests.swift */; };
		983CB9FE254BB37E007B5639 /* LeetCodeUITests.swift in Sources */ = {isa = PBXBuildFile; fileRef = 983CB9FD254BB37E007B5639 /* LeetCodeUITests.swift */; };
		986A58A226660CBB0053C53B /* Eleven.swift in Sources */ = {isa = PBXBuildFile; fileRef = 986A58A126660CBB0053C53B /* Eleven.swift */; };
		987E03C42636B0F000962029 /* Four.swift in Sources */ = {isa = PBXBuildFile; fileRef = 987E03C32636B0F000962029 /* Four.swift */; };
		987FE32E2653AB6800C894B4 /* Eight.swift in Sources */ = {isa = PBXBuildFile; fileRef = 987FE32D2653AB6800C894B4 /* Eight.swift */; };
		98A2B469264D2BF100CD4ADE /* Seven.swift in Sources */ = {isa = PBXBuildFile; fileRef = 98A2B468264D2BF100CD4ADE /* Seven.swift */; };
		98B7FA0D2643C5A00025D633 /* Five.swift in Sources */ = {isa = PBXBuildFile; fileRef = 98B7FA0C2643C5A00025D633 /* Five.swift */; };
		98D0F0322631257D00D51735 /* Two.swift in Sources */ = {isa = PBXBuildFile; fileRef = 98D0F0312631257D00D51735 /* Two.swift */; };
		98D0F037263157E900D51735 /* Zero.swift in Sources */ = {isa = PBXBuildFile; fileRef = 98D0F036263157E900D51735 /* Zero.swift */; };
		98D0F03C2631589100D51735 /* ListNode.swift in Sources */ = {isa = PBXBuildFile; fileRef = 98D0F03B2631589100D51735 /* ListNode.swift */; };
		98D0F0442631592F00D51735 /* One.swift in Sources */ = {isa = PBXBuildFile; fileRef = 98D0F0432631592F00D51735 /* One.swift */; };
		98D0F04926315B7300D51735 /* Three.swift in Sources */ = {isa = PBXBuildFile; fileRef = 98D0F04826315B7300D51735 /* Three.swift */; };
		98D7B37C2668B9530063CFF9 /* Node.swift in Sources */ = {isa = PBXBuildFile; fileRef = 98D7B37B2668B9530063CFF9 /* Node.swift */; };
		98F5FA45265CD73000CE2605 /* TreeNode.swift in Sources */ = {isa = PBXBuildFile; fileRef = 98F5FA44265CD73000CE2605 /* TreeNode.swift */; };
		98FFECC42657ADD400C645EB /* Nine.swift in Sources */ = {isa = PBXBuildFile; fileRef = 98FFECC32657ADD400C645EB /* Nine.swift */; };
/* End PBXBuildFile section */

/* Begin PBXContainerItemProxy section */
		983CB9EF254BB37E007B5639 /* PBXContainerItemProxy */ = {
			isa = PBXContainerItemProxy;
			containerPortal = 983CB9D4254BB37A007B5639 /* Project object */;
			proxyType = 1;
			remoteGlobalIDString = 983CB9DB254BB37A007B5639;
			remoteInfo = LeetCode;
		};
		983CB9FA254BB37E007B5639 /* PBXContainerItemProxy */ = {
			isa = PBXContainerItemProxy;
			containerPortal = 983CB9D4254BB37A007B5639 /* Project object */;
			proxyType = 1;
			remoteGlobalIDString = 983CB9DB254BB37A007B5639;
			remoteInfo = LeetCode;
		};
/* End PBXContainerItemProxy section */

/* Begin PBXFileReference section */
		980CAD75265F7635009B8DE2 /* Ten.swift */ = {isa = PBXFileReference; lastKnownFileType = sourcecode.swift; path = Ten.swift; sourceTree = "<group>"; };
		98118DBD26491BB3001F12FF /* Six.swift */ = {isa = PBXFileReference; lastKnownFileType = sourcecode.swift; path = Six.swift; sourceTree = "<group>"; };
		983CB9DC254BB37A007B5639 /* LeetCode.app */ = {isa = PBXFileReference; explicitFileType = wrapper.application; includeInIndex = 0; path = LeetCode.app; sourceTree = BUILT_PRODUCTS_DIR; };
		983CB9DF254BB37A007B5639 /* AppDelegate.swift */ = {isa = PBXFileReference; lastKnownFileType = sourcecode.swift; path = AppDelegate.swift; sourceTree = "<group>"; };
		983CB9E1254BB37A007B5639 /* ViewController.swift */ = {isa = PBXFileReference; lastKnownFileType = sourcecode.swift; path = ViewController.swift; sourceTree = "<group>"; };
		983CB9E3254BB37D007B5639 /* Assets.xcassets */ = {isa = PBXFileReference; lastKnownFileType = folder.assetcatalog; path = Assets.xcassets; sourceTree = "<group>"; };
		983CB9E6254BB37D007B5639 /* Base */ = {isa = PBXFileReference; lastKnownFileType = file.storyboard; name = Base; path = Base.lproj/Main.storyboard; sourceTree = "<group>"; };
		983CB9E8254BB37D007B5639 /* Info.plist */ = {isa = PBXFileReference; lastKnownFileType = text.plist.xml; path = Info.plist; sourceTree = "<group>"; };
		983CB9EE254BB37E007B5639 /* LeetCodeTests.xctest */ = {isa = PBXFileReference; explicitFileType = wrapper.cfbundle; includeInIndex = 0; path = LeetCodeTests.xctest; sourceTree = BUILT_PRODUCTS_DIR; };
		983CB9F2254BB37E007B5639 /* LeetCodeTests.swift */ = {isa = PBXFileReference; lastKnownFileType = sourcecode.swift; path = LeetCodeTests.swift; sourceTree = "<group>"; };
		983CB9F4254BB37E007B5639 /* Info.plist */ = {isa = PBXFileReference; lastKnownFileType = text.plist.xml; path = Info.plist; sourceTree = "<group>"; };
		983CB9F9254BB37E007B5639 /* LeetCodeUITests.xctest */ = {isa = PBXFileReference; explicitFileType = wrapper.cfbundle; includeInIndex = 0; path = LeetCodeUITests.xctest; sourceTree = BUILT_PRODUCTS_DIR; };
		983CB9FD254BB37E007B5639 /* LeetCodeUITests.swift */ = {isa = PBXFileReference; lastKnownFileType = sourcecode.swift; path = LeetCodeUITests.swift; sourceTree = "<group>"; };
		983CB9FF254BB37E007B5639 /* Info.plist */ = {isa = PBXFileReference; lastKnownFileType = text.plist.xml; path = Info.plist; sourceTree = "<group>"; };
		9865566426325DB300F6841F /* LeetCode.entitlements */ = {isa = PBXFileReference; fileEncoding = 4; lastKnownFileType = text.plist.entitlements; path = LeetCode.entitlements; sourceTree = "<group>"; };
		986A58A126660CBB0053C53B /* Eleven.swift */ = {isa = PBXFileReference; lastKnownFileType = sourcecode.swift; path = Eleven.swift; sourceTree = "<group>"; };
		987E03C32636B0F000962029 /* Four.swift */ = {isa = PBXFileReference; lastKnownFileType = sourcecode.swift; path = Four.swift; sourceTree = "<group>"; };
		987FE32D2653AB6800C894B4 /* Eight.swift */ = {isa = PBXFileReference; lastKnownFileType = sourcecode.swift; path = Eight.swift; sourceTree = "<group>"; };
		98A2B468264D2BF100CD4ADE /* Seven.swift */ = {isa = PBXFileReference; lastKnownFileType = sourcecode.swift; path = Seven.swift; sourceTree = "<group>"; };
		98B7FA0C2643C5A00025D633 /* Five.swift */ = {isa = PBXFileReference; lastKnownFileType = sourcecode.swift; path = Five.swift; sourceTree = "<group>"; };
		98D0F0312631257D00D51735 /* Two.swift */ = {isa = PBXFileReference; lastKnownFileType = sourcecode.swift; path = Two.swift; sourceTree = "<group>"; };
		98D0F036263157E900D51735 /* Zero.swift */ = {isa = PBXFileReference; lastKnownFileType = sourcecode.swift; path = Zero.swift; sourceTree = "<group>"; };
		98D0F03B2631589100D51735 /* ListNode.swift */ = {isa = PBXFileReference; lastKnownFileType = sourcecode.swift; path = ListNode.swift; sourceTree = "<group>"; };
		98D0F0432631592F00D51735 /* One.swift */ = {isa = PBXFileReference; lastKnownFileType = sourcecode.swift; path = One.swift; sourceTree = "<group>"; };
		98D0F04826315B7300D51735 /* Three.swift */ = {isa = PBXFileReference; lastKnownFileType = sourcecode.swift; path = Three.swift; sourceTree = "<group>"; };
		98D7B37B2668B9530063CFF9 /* Node.swift */ = {isa = PBXFileReference; lastKnownFileType = sourcecode.swift; path = Node.swift; sourceTree = "<group>"; };
		98F5FA44265CD73000CE2605 /* TreeNode.swift */ = {isa = PBXFileReference; lastKnownFileType = sourcecode.swift; path = TreeNode.swift; sourceTree = "<group>"; };
		98FFECC32657ADD400C645EB /* Nine.swift */ = {isa = PBXFileReference; lastKnownFileType = sourcecode.swift; path = Nine.swift; sourceTree = "<group>"; };
/* End PBXFileReference section */

/* Begin PBXFrameworksBuildPhase section */
		983CB9D9254BB37A007B5639 /* Frameworks */ = {
			isa = PBXFrameworksBuildPhase;
			buildActionMask = 2147483647;
			files = (
			);
			runOnlyForDeploymentPostprocessing = 0;
		};
		983CB9EB254BB37E007B5639 /* Frameworks */ = {
			isa = PBXFrameworksBuildPhase;
			buildActionMask = 2147483647;
			files = (
			);
			runOnlyForDeploymentPostprocessing = 0;
		};
		983CB9F6254BB37E007B5639 /* Frameworks */ = {
			isa = PBXFrameworksBuildPhase;
			buildActionMask = 2147483647;
			files = (
			);
			runOnlyForDeploymentPostprocessing = 0;
		};
/* End PBXFrameworksBuildPhase section */

/* Begin PBXGroup section */
		983CB9D3254BB37A007B5639 = {
			isa = PBXGroup;
			children = (
				983CB9DE254BB37A007B5639 /* LeetCode */,
				983CB9F1254BB37E007B5639 /* LeetCodeTests */,
				983CB9FC254BB37E007B5639 /* LeetCodeUITests */,
				983CB9DD254BB37A007B5639 /* Products */,
			);
			sourceTree = "<group>";
		};
		983CB9DD254BB37A007B5639 /* Products */ = {
			isa = PBXGroup;
			children = (
				983CB9DC254BB37A007B5639 /* LeetCode.app */,
				983CB9EE254BB37E007B5639 /* LeetCodeTests.xctest */,
				983CB9F9254BB37E007B5639 /* LeetCodeUITests.xctest */,
			);
			name = Products;
			sourceTree = "<group>";
		};
		983CB9DE254BB37A007B5639 /* LeetCode */ = {
			isa = PBXGroup;
			children = (
				9865566426325DB300F6841F /* LeetCode.entitlements */,
				983CB9DF254BB37A007B5639 /* AppDelegate.swift */,
				983CB9E1254BB37A007B5639 /* ViewController.swift */,
				98D0F03B2631589100D51735 /* ListNode.swift */,
				98F5FA44265CD73000CE2605 /* TreeNode.swift */,
				98D7B37B2668B9530063CFF9 /* Node.swift */,
				98D0F036263157E900D51735 /* Zero.swift */,
				98D0F0432631592F00D51735 /* One.swift */,
				98D0F0312631257D00D51735 /* Two.swift */,
				98D0F04826315B7300D51735 /* Three.swift */,
				987E03C32636B0F000962029 /* Four.swift */,
				98B7FA0C2643C5A00025D633 /* Five.swift */,
				98118DBD26491BB3001F12FF /* Six.swift */,
				98A2B468264D2BF100CD4ADE /* Seven.swift */,
				987FE32D2653AB6800C894B4 /* Eight.swift */,
				98FFECC32657ADD400C645EB /* Nine.swift */,
				980CAD75265F7635009B8DE2 /* Ten.swift */,
				986A58A126660CBB0053C53B /* Eleven.swift */,
				983CB9E3254BB37D007B5639 /* Assets.xcassets */,
				983CB9E5254BB37D007B5639 /* Main.storyboard */,
				983CB9E8254BB37D007B5639 /* Info.plist */,
			);
			path = LeetCode;
			sourceTree = "<group>";
		};
		983CB9F1254BB37E007B5639 /* LeetCodeTests */ = {
			isa = PBXGroup;
			children = (
				983CB9F2254BB37E007B5639 /* LeetCodeTests.swift */,
				983CB9F4254BB37E007B5639 /* Info.plist */,
			);
			path = LeetCodeTests;
			sourceTree = "<group>";
		};
		983CB9FC254BB37E007B5639 /* LeetCodeUITests */ = {
			isa = PBXGroup;
			children = (
				983CB9FD254BB37E007B5639 /* LeetCodeUITests.swift */,
				983CB9FF254BB37E007B5639 /* Info.plist */,
			);
			path = LeetCodeUITests;
			sourceTree = "<group>";
		};
/* End PBXGroup section */

/* Begin PBXNativeTarget section */
		983CB9DB254BB37A007B5639 /* LeetCode */ = {
			isa = PBXNativeTarget;
			buildConfigurationList = 983CBA02254BB37E007B5639 /* Build configuration list for PBXNativeTarget "LeetCode" */;
			buildPhases = (
				983CB9D8254BB37A007B5639 /* Sources */,
				983CB9D9254BB37A007B5639 /* Frameworks */,
				983CB9DA254BB37A007B5639 /* Resources */,
			);
			buildRules = (
			);
			dependencies = (
			);
			name = LeetCode;
			productName = LeetCode;
			productReference = 983CB9DC254BB37A007B5639 /* LeetCode.app */;
			productType = "com.apple.product-type.application";
		};
		983CB9ED254BB37E007B5639 /* LeetCodeTests */ = {
			isa = PBXNativeTarget;
			buildConfigurationList = 983CBA05254BB37E007B5639 /* Build configuration list for PBXNativeTarget "LeetCodeTests" */;
			buildPhases = (
				983CB9EA254BB37E007B5639 /* Sources */,
				983CB9EB254BB37E007B5639 /* Frameworks */,
				983CB9EC254BB37E007B5639 /* Resources */,
			);
			buildRules = (
			);
			dependencies = (
				983CB9F0254BB37E007B5639 /* PBXTargetDependency */,
			);
			name = LeetCodeTests;
			productName = LeetCodeTests;
			productReference = 983CB9EE254BB37E007B5639 /* LeetCodeTests.xctest */;
			productType = "com.apple.product-type.bundle.unit-test";
		};
		983CB9F8254BB37E007B5639 /* LeetCodeUITests */ = {
			isa = PBXNativeTarget;
			buildConfigurationList = 983CBA08254BB37E007B5639 /* Build configuration list for PBXNativeTarget "LeetCodeUITests" */;
			buildPhases = (
				983CB9F5254BB37E007B5639 /* Sources */,
				983CB9F6254BB37E007B5639 /* Frameworks */,
				983CB9F7254BB37E007B5639 /* Resources */,
			);
			buildRules = (
			);
			dependencies = (
				983CB9FB254BB37E007B5639 /* PBXTargetDependency */,
			);
			name = LeetCodeUITests;
			productName = LeetCodeUITests;
			productReference = 983CB9F9254BB37E007B5639 /* LeetCodeUITests.xctest */;
			productType = "com.apple.product-type.bundle.ui-testing";
		};
/* End PBXNativeTarget section */

/* Begin PBXProject section */
		983CB9D4254BB37A007B5639 /* Project object */ = {
			isa = PBXProject;
			attributes = {
				LastSwiftUpdateCheck = 1210;
				LastUpgradeCheck = 1210;
				TargetAttributes = {
					983CB9DB254BB37A007B5639 = {
						CreatedOnToolsVersion = 12.1;
					};
					983CB9ED254BB37E007B5639 = {
						CreatedOnToolsVersion = 12.1;
						TestTargetID = 983CB9DB254BB37A007B5639;
					};
					983CB9F8254BB37E007B5639 = {
						CreatedOnToolsVersion = 12.1;
						TestTargetID = 983CB9DB254BB37A007B5639;
					};
				};
			};
			buildConfigurationList = 983CB9D7254BB37A007B5639 /* Build configuration list for PBXProject "LeetCode" */;
			compatibilityVersion = "Xcode 9.3";
			developmentRegion = en;
			hasScannedForEncodings = 0;
			knownRegions = (
				en,
				Base,
			);
			mainGroup = 983CB9D3254BB37A007B5639;
			productRefGroup = 983CB9DD254BB37A007B5639 /* Products */;
			projectDirPath = "";
			projectRoot = "";
			targets = (
				983CB9DB254BB37A007B5639 /* LeetCode */,
				983CB9ED254BB37E007B5639 /* LeetCodeTests */,
				983CB9F8254BB37E007B5639 /* LeetCodeUITests */,
			);
		};
/* End PBXProject section */

/* Begin PBXResourcesBuildPhase section */
		983CB9DA254BB37A007B5639 /* Resources */ = {
			isa = PBXResourcesBuildPhase;
			buildActionMask = 2147483647;
			files = (
				983CB9E4254BB37D007B5639 /* Assets.xcassets in Resources */,
				983CB9E7254BB37D007B5639 /* Main.storyboard in Resources */,
			);
			runOnlyForDeploymentPostprocessing = 0;
		};
		983CB9EC254BB37E007B5639 /* Resources */ = {
			isa = PBXResourcesBuildPhase;
			buildActionMask = 2147483647;
			files = (
			);
			runOnlyForDeploymentPostprocessing = 0;
		};
		983CB9F7254BB37E007B5639 /* Resources */ = {
			isa = PBXResourcesBuildPhase;
			buildActionMask = 2147483647;
			files = (
			);
			runOnlyForDeploymentPostprocessing = 0;
		};
/* End PBXResourcesBuildPhase section */

/* Begin PBXSourcesBuildPhase section */
		983CB9D8254BB37A007B5639 /* Sources */ = {
			isa = PBXSourcesBuildPhase;
			buildActionMask = 2147483647;
			files = (
				98118DBE26491BB3001F12FF /* Six.swift in Sources */,
				983CB9E2254BB37A007B5639 /* ViewController.swift in Sources */,
				98D0F0322631257D00D51735 /* Two.swift in Sources */,
				98D0F03C2631589100D51735 /* ListNode.swift in Sources */,
				983CB9E0254BB37A007B5639 /* AppDelegate.swift in Sources */,
				98D0F0442631592F00D51735 /* One.swift in Sources */,
				986A58A226660CBB0053C53B /* Eleven.swift in Sources */,
				98D0F04926315B7300D51735 /* Three.swift in Sources */,
				98F5FA45265CD73000CE2605 /* TreeNode.swift in Sources */,
				98D0F037263157E900D51735 /* Zero.swift in Sources */,
				98D7B37C2668B9530063CFF9 /* Node.swift in Sources */,
				98B7FA0D2643C5A00025D633 /* Five.swift in Sources */,
				98A2B469264D2BF100CD4ADE /* Seven.swift in Sources */,
				987E03C42636B0F000962029 /* Four.swift in Sources */,
				980CAD76265F7635009B8DE2 /* Ten.swift in Sources */,
				987FE32E2653AB6800C894B4 /* Eight.swift in Sources */,
				98FFECC42657ADD400C645EB /* Nine.swift in Sources */,
			);
			runOnlyForDeploymentPostprocessing = 0;
		};
		983CB9EA254BB37E007B5639 /* Sources */ = {
			isa = PBXSourcesBuildPhase;
			buildActionMask = 2147483647;
			files = (
				983CB9F3254BB37E007B5639 /* LeetCodeTests.swift in Sources */,
			);
			runOnlyForDeploymentPostprocessing = 0;
		};
		983CB9F5254BB37E007B5639 /* Sources */ = {
			isa = PBXSourcesBuildPhase;
			buildActionMask = 2147483647;
			files = (
				983CB9FE254BB37E007B5639 /* LeetCodeUITests.swift in Sources */,
			);
			runOnlyForDeploymentPostprocessing = 0;
		};
/* End PBXSourcesBuildPhase section */

/* Begin PBXTargetDependency section */
		983CB9F0254BB37E007B5639 /* PBXTargetDependency */ = {
			isa = PBXTargetDependency;
			target = 983CB9DB254BB37A007B5639 /* LeetCode */;
			targetProxy = 983CB9EF254BB37E007B5639 /* PBXContainerItemProxy */;
		};
		983CB9FB254BB37E007B5639 /* PBXTargetDependency */ = {
			isa = PBXTargetDependency;
			target = 983CB9DB254BB37A007B5639 /* LeetCode */;
			targetProxy = 983CB9FA254BB37E007B5639 /* PBXContainerItemProxy */;
		};
/* End PBXTargetDependency section */

/* Begin PBXVariantGroup section */
		983CB9E5254BB37D007B5639 /* Main.storyboard */ = {
			isa = PBXVariantGroup;
			children = (
				983CB9E6254BB37D007B5639 /* Base */,
			);
			name = Main.storyboard;
			sourceTree = "<group>";
		};
/* End PBXVariantGroup section */

/* Begin XCBuildConfiguration section */
		983CBA00254BB37E007B5639 /* Debug */ = {
			isa = XCBuildConfiguration;
			buildSettings = {
				ALWAYS_SEARCH_USER_PATHS = NO;
				CLANG_ANALYZER_NONNULL = YES;
				CLANG_ANALYZER_NUMBER_OBJECT_CONVERSION = YES_AGGRESSIVE;
				CLANG_CXX_LANGUAGE_STANDARD = "gnu++14";
				CLANG_CXX_LIBRARY = "libc++";
				CLANG_ENABLE_MODULES = YES;
				CLANG_ENABLE_OBJC_ARC = YES;
				CLANG_ENABLE_OBJC_WEAK = YES;
				CLANG_WARN_BLOCK_CAPTURE_AUTORELEASING = YES;
				CLANG_WARN_BOOL_CONVERSION = YES;
				CLANG_WARN_COMMA = YES;
				CLANG_WARN_CONSTANT_CONVERSION = YES;
				CLANG_WARN_DEPRECATED_OBJC_IMPLEMENTATIONS = YES;
				CLANG_WARN_DIRECT_OBJC_ISA_USAGE = YES_ERROR;
				CLANG_WARN_DOCUMENTATION_COMMENTS = YES;
				CLANG_WARN_EMPTY_BODY = YES;
				CLANG_WARN_ENUM_CONVERSION = YES;
				CLANG_WARN_INFINITE_RECURSION = YES;
				CLANG_WARN_INT_CONVERSION = YES;
				CLANG_WARN_NON_LITERAL_NULL_CONVERSION = YES;
				CLANG_WARN_OBJC_IMPLICIT_RETAIN_SELF = YES;
				CLANG_WARN_OBJC_LITERAL_CONVERSION = YES;
				CLANG_WARN_OBJC_ROOT_CLASS = YES_ERROR;
				CLANG_WARN_QUOTED_INCLUDE_IN_FRAMEWORK_HEADER = YES;
				CLANG_WARN_RANGE_LOOP_ANALYSIS = YES;
				CLANG_WARN_STRICT_PROTOTYPES = YES;
				CLANG_WARN_SUSPICIOUS_MOVE = YES;
				CLANG_WARN_UNGUARDED_AVAILABILITY = YES_AGGRESSIVE;
				CLANG_WARN_UNREACHABLE_CODE = YES;
				CLANG_WARN__DUPLICATE_METHOD_MATCH = YES;
				COPY_PHASE_STRIP = NO;
				DEBUG_INFORMATION_FORMAT = dwarf;
				ENABLE_STRICT_OBJC_MSGSEND = YES;
				ENABLE_TESTABILITY = YES;
				GCC_C_LANGUAGE_STANDARD = gnu11;
				GCC_DYNAMIC_NO_PIC = NO;
				GCC_NO_COMMON_BLOCKS = YES;
				GCC_OPTIMIZATION_LEVEL = 0;
				GCC_PREPROCESSOR_DEFINITIONS = (
					"DEBUG=1",
					"$(inherited)",
				);
				GCC_WARN_64_TO_32_BIT_CONVERSION = YES;
				GCC_WARN_ABOUT_RETURN_TYPE = YES_ERROR;
				GCC_WARN_UNDECLARED_SELECTOR = YES;
				GCC_WARN_UNINITIALIZED_AUTOS = YES_AGGRESSIVE;
				GCC_WARN_UNUSED_FUNCTION = YES;
				GCC_WARN_UNUSED_VARIABLE = YES;
				MACOSX_DEPLOYMENT_TARGET = 10.15;
				MTL_ENABLE_DEBUG_INFO = INCLUDE_SOURCE;
				MTL_FAST_MATH = YES;
				ONLY_ACTIVE_ARCH = YES;
				SDKROOT = macosx;
				SWIFT_ACTIVE_COMPILATION_CONDITIONS = DEBUG;
				SWIFT_OPTIMIZATION_LEVEL = "-Onone";
			};
			name = Debug;
		};
		983CBA01254BB37E007B5639 /* Release */ = {
			isa = XCBuildConfiguration;
			buildSettings = {
				ALWAYS_SEARCH_USER_PATHS = NO;
				CLANG_ANALYZER_NONNULL = YES;
				CLANG_ANALYZER_NUMBER_OBJECT_CONVERSION = YES_AGGRESSIVE;
				CLANG_CXX_LANGUAGE_STANDARD = "gnu++14";
				CLANG_CXX_LIBRARY = "libc++";
				CLANG_ENABLE_MODULES = YES;
				CLANG_ENABLE_OBJC_ARC = YES;
				CLANG_ENABLE_OBJC_WEAK = YES;
				CLANG_WARN_BLOCK_CAPTURE_AUTORELEASING = YES;
				CLANG_WARN_BOOL_CONVERSION = YES;
				CLANG_WARN_COMMA = YES;
				CLANG_WARN_CONSTANT_CONVERSION = YES;
				CLANG_WARN_DEPRECATED_OBJC_IMPLEMENTATIONS = YES;
				CLANG_WARN_DIRECT_OBJC_ISA_USAGE = YES_ERROR;
				CLANG_WARN_DOCUMENTATION_COMMENTS = YES;
				CLANG_WARN_EMPTY_BODY = YES;
				CLANG_WARN_ENUM_CONVERSION = YES;
				CLANG_WARN_INFINITE_RECURSION = YES;
				CLANG_WARN_INT_CONVERSION = YES;
				CLANG_WARN_NON_LITERAL_NULL_CONVERSION = YES;
				CLANG_WARN_OBJC_IMPLICIT_RETAIN_SELF = YES;
				CLANG_WARN_OBJC_LITERAL_CONVERSION = YES;
				CLANG_WARN_OBJC_ROOT_CLASS = YES_ERROR;
				CLANG_WARN_QUOTED_INCLUDE_IN_FRAMEWORK_HEADER = YES;
				CLANG_WARN_RANGE_LOOP_ANALYSIS = YES;
				CLANG_WARN_STRICT_PROTOTYPES = YES;
				CLANG_WARN_SUSPICIOUS_MOVE = YES;
				CLANG_WARN_UNGUARDED_AVAILABILITY = YES_AGGRESSIVE;
				CLANG_WARN_UNREACHABLE_CODE = YES;
				CLANG_WARN__DUPLICATE_METHOD_MATCH = YES;
				COPY_PHASE_STRIP = NO;
				DEBUG_INFORMATION_FORMAT = "dwarf-with-dsym";
				ENABLE_NS_ASSERTIONS = NO;
				ENABLE_STRICT_OBJC_MSGSEND = YES;
				GCC_C_LANGUAGE_STANDARD = gnu11;
				GCC_NO_COMMON_BLOCKS = YES;
				GCC_WARN_64_TO_32_BIT_CONVERSION = YES;
				GCC_WARN_ABOUT_RETURN_TYPE = YES_ERROR;
				GCC_WARN_UNDECLARED_SELECTOR = YES;
				GCC_WARN_UNINITIALIZED_AUTOS = YES_AGGRESSIVE;
				GCC_WARN_UNUSED_FUNCTION = YES;
				GCC_WARN_UNUSED_VARIABLE = YES;
				MACOSX_DEPLOYMENT_TARGET = 10.15;
				MTL_ENABLE_DEBUG_INFO = NO;
				MTL_FAST_MATH = YES;
				SDKROOT = macosx;
				SWIFT_COMPILATION_MODE = wholemodule;
				SWIFT_OPTIMIZATION_LEVEL = "-O";
			};
			name = Release;
		};
		983CBA03254BB37E007B5639 /* Debug */ = {
			isa = XCBuildConfiguration;
			buildSettings = {
				ASSETCATALOG_COMPILER_APPICON_NAME = AppIcon;
				ASSETCATALOG_COMPILER_GLOBAL_ACCENT_COLOR_NAME = AccentColor;
				CODE_SIGN_ENTITLEMENTS = LeetCode/LeetCode.entitlements;
				CODE_SIGN_IDENTITY = "Apple Development";
				CODE_SIGN_STYLE = Automatic;
				COMBINE_HIDPI_IMAGES = YES;
				DEVELOPMENT_TEAM = 35V98WX3X4;
				ENABLE_HARDENED_RUNTIME = YES;
				INFOPLIST_FILE = LeetCode/Info.plist;
				LD_RUNPATH_SEARCH_PATHS = (
					"$(inherited)",
					"@executable_path/../Frameworks",
				);
				PRODUCT_BUNDLE_IDENTIFIER = com.xiangshang.LeetCode;
				PRODUCT_NAME = "$(TARGET_NAME)";
				PROVISIONING_PROFILE_SPECIFIER = "";
				SWIFT_VERSION = 5.0;
			};
			name = Debug;
		};
		983CBA04254BB37E007B5639 /* Release */ = {
			isa = XCBuildConfiguration;
			buildSettings = {
				ASSETCATALOG_COMPILER_APPICON_NAME = AppIcon;
				ASSETCATALOG_COMPILER_GLOBAL_ACCENT_COLOR_NAME = AccentColor;
				CODE_SIGN_ENTITLEMENTS = LeetCode/LeetCode.entitlements;
				CODE_SIGN_IDENTITY = "Apple Development";
				CODE_SIGN_STYLE = Automatic;
				COMBINE_HIDPI_IMAGES = YES;
				DEVELOPMENT_TEAM = 35V98WX3X4;
				ENABLE_HARDENED_RUNTIME = YES;
				INFOPLIST_FILE = LeetCode/Info.plist;
				LD_RUNPATH_SEARCH_PATHS = (
					"$(inherited)",
					"@executable_path/../Frameworks",
				);
				PRODUCT_BUNDLE_IDENTIFIER = com.xiangshang.LeetCode;
				PRODUCT_NAME = "$(TARGET_NAME)";
				PROVISIONING_PROFILE_SPECIFIER = "";
				SWIFT_VERSION = 5.0;
			};
			name = Release;
		};
		983CBA06254BB37E007B5639 /* Debug */ = {
			isa = XCBuildConfiguration;
			buildSettings = {
				ALWAYS_EMBED_SWIFT_STANDARD_LIBRARIES = YES;
				BUNDLE_LOADER = "$(TEST_HOST)";
				CODE_SIGN_STYLE = Automatic;
				COMBINE_HIDPI_IMAGES = YES;
				DEVELOPMENT_TEAM = 35V98WX3X4;
				INFOPLIST_FILE = LeetCodeTests/Info.plist;
				LD_RUNPATH_SEARCH_PATHS = (
					"$(inherited)",
					"@executable_path/../Frameworks",
					"@loader_path/../Frameworks",
				);
				MACOSX_DEPLOYMENT_TARGET = 10.15;
				PRODUCT_BUNDLE_IDENTIFIER = com.xiangshang.LeetCodeTests;
				PRODUCT_NAME = "$(TARGET_NAME)";
				SWIFT_VERSION = 5.0;
				TEST_HOST = "$(BUILT_PRODUCTS_DIR)/LeetCode.app/Contents/MacOS/LeetCode";
			};
			name = Debug;
		};
		983CBA07254BB37E007B5639 /* Release */ = {
			isa = XCBuildConfiguration;
			buildSettings = {
				ALWAYS_EMBED_SWIFT_STANDARD_LIBRARIES = YES;
				BUNDLE_LOADER = "$(TEST_HOST)";
				CODE_SIGN_STYLE = Automatic;
				COMBINE_HIDPI_IMAGES = YES;
				DEVELOPMENT_TEAM = 35V98WX3X4;
				INFOPLIST_FILE = LeetCodeTests/Info.plist;
				LD_RUNPATH_SEARCH_PATHS = (
					"$(inherited)",
					"@executable_path/../Frameworks",
					"@loader_path/../Frameworks",
				);
				MACOSX_DEPLOYMENT_TARGET = 10.15;
				PRODUCT_BUNDLE_IDENTIFIER = com.xiangshang.LeetCodeTests;
				PRODUCT_NAME = "$(TARGET_NAME)";
				SWIFT_VERSION = 5.0;
				TEST_HOST = "$(BUILT_PRODUCTS_DIR)/LeetCode.app/Contents/MacOS/LeetCode";
			};
			name = Release;
		};
		983CBA09254BB37E007B5639 /* Debug */ = {
			isa = XCBuildConfiguration;
			buildSettings = {
				ALWAYS_EMBED_SWIFT_STANDARD_LIBRARIES = YES;
				CODE_SIGN_STYLE = Automatic;
				COMBINE_HIDPI_IMAGES = YES;
				DEVELOPMENT_TEAM = 35V98WX3X4;
				INFOPLIST_FILE = LeetCodeUITests/Info.plist;
				LD_RUNPATH_SEARCH_PATHS = (
					"$(inherited)",
					"@executable_path/../Frameworks",
					"@loader_path/../Frameworks",
				);
				PRODUCT_BUNDLE_IDENTIFIER = com.xiangshang.LeetCodeUITests;
				PRODUCT_NAME = "$(TARGET_NAME)";
				SWIFT_VERSION = 5.0;
				TEST_TARGET_NAME = LeetCode;
			};
			name = Debug;
		};
		983CBA0A254BB37E007B5639 /* Release */ = {
			isa = XCBuildConfiguration;
			buildSettings = {
				ALWAYS_EMBED_SWIFT_STANDARD_LIBRARIES = YES;
				CODE_SIGN_STYLE = Automatic;
				COMBINE_HIDPI_IMAGES = YES;
				DEVELOPMENT_TEAM = 35V98WX3X4;
				INFOPLIST_FILE = LeetCodeUITests/Info.plist;
				LD_RUNPATH_SEARCH_PATHS = (
					"$(inherited)",
					"@executable_path/../Frameworks",
					"@loader_path/../Frameworks",
				);
				PRODUCT_BUNDLE_IDENTIFIER = com.xiangshang.LeetCodeUITests;
				PRODUCT_NAME = "$(TARGET_NAME)";
				SWIFT_VERSION = 5.0;
				TEST_TARGET_NAME = LeetCode;
			};
			name = Release;
		};
/* End XCBuildConfiguration section */

/* Begin XCConfigurationList section */
		983CB9D7254BB37A007B5639 /* Build configuration list for PBXProject "LeetCode" */ = {
			isa = XCConfigurationList;
			buildConfigurations = (
				983CBA00254BB37E007B5639 /* Debug */,
				983CBA01254BB37E007B5639 /* Release */,
			);
			defaultConfigurationIsVisible = 0;
			defaultConfigurationName = Release;
		};
		983CBA02254BB37E007B5639 /* Build configuration list for PBXNativeTarget "LeetCode" */ = {
			isa = XCConfigurationList;
			buildConfigurations = (
				983CBA03254BB37E007B5639 /* Debug */,
				983CBA04254BB37E007B5639 /* Release */,
			);
			defaultConfigurationIsVisible = 0;
			defaultConfigurationName = Release;
		};
		983CBA05254BB37E007B5639 /* Build configuration list for PBXNativeTarget "LeetCodeTests" */ = {
			isa = XCConfigurationList;
			buildConfigurations = (
				983CBA06254BB37E007B5639 /* Debug */,
				983CBA07254BB37E007B5639 /* Release */,
			);
			defaultConfigurationIsVisible = 0;
			defaultConfigurationName = Release;
		};
		983CBA08254BB37E007B5639 /* Build configuration list for PBXNativeTarget "LeetCodeUITests" */ = {
			isa = XCConfigurationList;
			buildConfigurations = (
				983CBA09254BB37E007B5639 /* Debug */,
				983CBA0A254BB37E007B5639 /* Release */,
			);
			defaultConfigurationIsVisible = 0;
			defaultConfigurationName = Release;
		};
/* End XCConfigurationList section */
	};
	rootObject = 983CB9D4254BB37A007B5639 /* Project object */;
}
